// !$*UTF8*$!
{
	archiveVersion = 1;
	classes = {
	};
	objectVersion = 77;
	objects = {

/* Begin PBXBuildFile section */
		0B5E6EC8D0198C245E872599 /* SettingsView.swift in Sources */ = {isa = PBXBuildFile; fileRef = 847BA9F87A178565C0EEC901 /* SettingsView.swift */; };
		17E5CC9417E33D6CADF1F707 /* Theme.swift in Sources */ = {isa = PBXBuildFile; fileRef = 25CBF3AE8C40F2EE10BB4BD0 /* Theme.swift */; };
		50F6EF746AAEB80DB6229E05 /* MessageComposer.swift in Sources */ = {isa = PBXBuildFile; fileRef = 073FCBCA797989A55F83BAE4 /* MessageComposer.swift */; };
		55469BC6D5744CDBA92DC030 /* SessionStore.swift in Sources */ = {isa = PBXBuildFile; fileRef = 20B34D8A3106C01BA13F2DC2 /* SessionStore.swift */; };
		63E697B25FFD5633F32DF474 /* MarkdownUI in Frameworks */ = {isa = PBXBuildFile; productRef = 0F494F67402A869EB8A3476E /* MarkdownUI */; };
		680725D02451A3EEFF5A9F28 /* NewSessionView.swift in Sources */ = {isa = PBXBuildFile; fileRef = 27C81E2B22DECF886C37B1A7 /* NewSessionView.swift */; };
		7254BB93C3886BB66A1304A2 /* LFGCore in Frameworks */ = {isa = PBXBuildFile; productRef = 672BDBCB9E1F5950E1DB7012 /* LFGCore */; };
		85C03A175F9DF48F0DAF9D6E /* RichContent.swift in Sources */ = {isa = PBXBuildFile; fileRef = C22EA76E51E2B0A745EE8847 /* RichContent.swift */; };
		8950528E1385EF07CB2814AD /* LFGApp.swift in Sources */ = {isa = PBXBuildFile; fileRef = 909139FA5D9B976298B7AA3F /* LFGApp.swift */; };
		8A8BAA0AADCD3A860CCA5B39 /* HostLink.swift in Sources */ = {isa = PBXBuildFile; fileRef = 9E6BCEE0F220FEC0F4CC5EC8 /* HostLink.swift */; };
		8D3E23D31117026A9BF00460 /* LaunchScreen.storyboard in Resources */ = {isa = PBXBuildFile; fileRef = 649DB6E8EC8E3C5852C813C8 /* LaunchScreen.storyboard */; };
		A541589C33833A613D05AD8B /* RootView.swift in Sources */ = {isa = PBXBuildFile; fileRef = 6461434AE6C2B0858AC679ED /* RootView.swift */; };
		D34242B9518E03AED793C989 /* SessionListView.swift in Sources */ = {isa = PBXBuildFile; fileRef = 2641AAFED0A103CF2409D79C /* SessionListView.swift */; };
		D9DD48F43B87E8793C27102F /* SessionDetailView.swift in Sources */ = {isa = PBXBuildFile; fileRef = 512247CB20DB703CAE731727 /* SessionDetailView.swift */; };
		EF7A801ECD3C787CEC6ECA82 /* Assets.xcassets in Resources */ = {isa = PBXBuildFile; fileRef = 36D7D08CD0B7C101A085BC11 /* Assets.xcassets */; };
		F903FB2EEB4D545099929559 /* PushManager.swift in Sources */ = {isa = PBXBuildFile; fileRef = 34FFA2FCDA2FF018358CB220 /* PushManager.swift */; };
		FDC78A1C6A82751D9F56E521 /* Components.swift in Sources */ = {isa = PBXBuildFile; fileRef = F4C23B1D7493D21B0344531F /* Components.swift */; };
/* End PBXBuildFile section */

/* Begin PBXFileReference section */
		073FCBCA797989A55F83BAE4 /* MessageComposer.swift */ = {isa = PBXFileReference; lastKnownFileType = sourcecode.swift; path = MessageComposer.swift; sourceTree = "<group>"; };
		0D5CF03B9589A96341781809 /* LFG.app */ = {isa = PBXFileReference; includeInIndex = 0; lastKnownFileType = wrapper.application; path = LFG.app; sourceTree = BUILT_PRODUCTS_DIR; };
		20B34D8A3106C01BA13F2DC2 /* SessionStore.swift */ = {isa = PBXFileReference; lastKnownFileType = sourcecode.swift; path = SessionStore.swift; sourceTree = "<group>"; };
		25CBF3AE8C40F2EE10BB4BD0 /* Theme.swift */ = {isa = PBXFileReference; lastKnownFileType = sourcecode.swift; path = Theme.swift; sourceTree = "<group>"; };
		2641AAFED0A103CF2409D79C /* SessionListView.swift */ = {isa = PBXFileReference; lastKnownFileType = sourcecode.swift; path = SessionListView.swift; sourceTree = "<group>"; };
		27C81E2B22DECF886C37B1A7 /* NewSessionView.swift */ = {isa = PBXFileReference; lastKnownFileType = sourcecode.swift; path = NewSessionView.swift; sourceTree = "<group>"; };
		34FFA2FCDA2FF018358CB220 /* PushManager.swift */ = {isa = PBXFileReference; lastKnownFileType = sourcecode.swift; path = PushManager.swift; sourceTree = "<group>"; };
		36D7D08CD0B7C101A085BC11 /* Assets.xcassets */ = {isa = PBXFileReference; lastKnownFileType = folder.assetcatalog; path = Assets.xcassets; sourceTree = "<group>"; };
		512247CB20DB703CAE731727 /* SessionDetailView.swift */ = {isa = PBXFileReference; lastKnownFileType = sourcecode.swift; path = SessionDetailView.swift; sourceTree = "<group>"; };
		5C0AF429850CD7F98D54334E /* LFG.entitlements */ = {isa = PBXFileReference; lastKnownFileType = text.plist.entitlements; path = LFG.entitlements; sourceTree = "<group>"; };
		6461434AE6C2B0858AC679ED /* RootView.swift */ = {isa = PBXFileReference; lastKnownFileType = sourcecode.swift; path = RootView.swift; sourceTree = "<group>"; };
		649DB6E8EC8E3C5852C813C8 /* LaunchScreen.storyboard */ = {isa = PBXFileReference; lastKnownFileType = file.storyboard; path = LaunchScreen.storyboard; sourceTree = "<group>"; };
		716A5CB7BF742B16562A7EF8 /* Info.plist */ = {isa = PBXFileReference; lastKnownFileType = text.plist; path = Info.plist; sourceTree = "<group>"; };
		847BA9F87A178565C0EEC901 /* SettingsView.swift */ = {isa = PBXFileReference; lastKnownFileType = sourcecode.swift; path = SettingsView.swift; sourceTree = "<group>"; };
		909139FA5D9B976298B7AA3F /* LFGApp.swift */ = {isa = PBXFileReference; lastKnownFileType = sourcecode.swift; path = LFGApp.swift; sourceTree = "<group>"; };
		9E6BCEE0F220FEC0F4CC5EC8 /* HostLink.swift */ = {isa = PBXFileReference; lastKnownFileType = sourcecode.swift; path = HostLink.swift; sourceTree = "<group>"; };
		C22EA76E51E2B0A745EE8847 /* RichContent.swift */ = {isa = PBXFileReference; lastKnownFileType = sourcecode.swift; path = RichContent.swift; sourceTree = "<group>"; };
		F4C23B1D7493D21B0344531F /* Components.swift */ = {isa = PBXFileReference; lastKnownFileType = sourcecode.swift; path = Components.swift; sourceTree = "<group>"; };
		F63A269E91FBB297094BA544 /* LFGCore */ = {isa = PBXFileReference; lastKnownFileType = folder; name = LFGCore; path = LFGCore; sourceTree = SOURCE_ROOT; };
/* End PBXFileReference section */

/* Begin PBXFrameworksBuildPhase section */
		3D97971F04140FC5BBF66792 /* Frameworks */ = {
			isa = PBXFrameworksBuildPhase;
			buildActionMask = 2147483647;
			files = (
				7254BB93C3886BB66A1304A2 /* LFGCore in Frameworks */,
				63E697B25FFD5633F32DF474 /* MarkdownUI in Frameworks */,
			);
			runOnlyForDeploymentPostprocessing = 0;
		};
/* End PBXFrameworksBuildPhase section */

/* Begin PBXGroup section */
		1634932B7ACF7433EA5E19E5 = {
			isa = PBXGroup;
			children = (
				1DEF3A76C8CE97E28B63A13C /* LFG */,
				33994F66596F8E85A2F92388 /* Packages */,
				73237F52945A981B453A84AA /* Products */,
			);
			sourceTree = "<group>";
		};
		1DEF3A76C8CE97E28B63A13C /* LFG */ = {
			isa = PBXGroup;
			children = (
				36D7D08CD0B7C101A085BC11 /* Assets.xcassets */,
				F4C23B1D7493D21B0344531F /* Components.swift */,
				9E6BCEE0F220FEC0F4CC5EC8 /* HostLink.swift */,
				716A5CB7BF742B16562A7EF8 /* Info.plist */,
				649DB6E8EC8E3C5852C813C8 /* LaunchScreen.storyboard */,
				5C0AF429850CD7F98D54334E /* LFG.entitlements */,
				909139FA5D9B976298B7AA3F /* LFGApp.swift */,
				073FCBCA797989A55F83BAE4 /* MessageComposer.swift */,
				27C81E2B22DECF886C37B1A7 /* NewSessionView.swift */,
				34FFA2FCDA2FF018358CB220 /* PushManager.swift */,
				C22EA76E51E2B0A745EE8847 /* RichContent.swift */,
				6461434AE6C2B0858AC679ED /* RootView.swift */,
				512247CB20DB703CAE731727 /* SessionDetailView.swift */,
				2641AAFED0A103CF2409D79C /* SessionListView.swift */,
				20B34D8A3106C01BA13F2DC2 /* SessionStore.swift */,
				847BA9F87A178565C0EEC901 /* SettingsView.swift */,
				25CBF3AE8C40F2EE10BB4BD0 /* Theme.swift */,
			);
			path = LFG;
			sourceTree = "<group>";
		};
		33994F66596F8E85A2F92388 /* Packages */ = {
			isa = PBXGroup;
			children = (
				F63A269E91FBB297094BA544 /* LFGCore */,
			);
			name = Packages;
			sourceTree = "<group>";
		};
		73237F52945A981B453A84AA /* Products */ = {
			isa = PBXGroup;
			children = (
				0D5CF03B9589A96341781809 /* LFG.app */,
			);
			name = Products;
			sourceTree = "<group>";
		};
/* End PBXGroup section */

/* Begin PBXNativeTarget section */
		BB8191D802584F22B9CD53A0 /* LFG */ = {
			isa = PBXNativeTarget;
			buildConfigurationList = E2D9D49957C42589080D73AD /* Build configuration list for PBXNativeTarget "LFG" */;
			buildPhases = (
				6056354380E196AD86E4C985 /* Sources */,
				0B51C770103B8439D9D0BCEA /* Resources */,
				3D97971F04140FC5BBF66792 /* Frameworks */,
			);
			buildRules = (
			);
			dependencies = (
			);
			name = LFG;
			packageProductDependencies = (
				672BDBCB9E1F5950E1DB7012 /* LFGCore */,
				0F494F67402A869EB8A3476E /* MarkdownUI */,
			);
			productName = LFG;
			productReference = 0D5CF03B9589A96341781809 /* LFG.app */;
			productType = "com.apple.product-type.application";
		};
/* End PBXNativeTarget section */

/* Begin PBXProject section */
		B70B0B4668D37FDAA54905D6 /* Project object */ = {
			isa = PBXProject;
			attributes = {
				BuildIndependentTargetsInParallel = YES;
				LastUpgradeCheck = 1430;
				TargetAttributes = {
					BB8191D802584F22B9CD53A0 = {
						DevelopmentTeam = 39GJBP8V5A;
						ProvisioningStyle = Automatic;
					};
				};
			};
			buildConfigurationList = D2860566EA830DE876CDCE7C /* Build configuration list for PBXProject "LFG" */;
			developmentRegion = en;
			hasScannedForEncodings = 0;
			knownRegions = (
				Base,
				en,
			);
			mainGroup = 1634932B7ACF7433EA5E19E5;
			minimizedProjectReferenceProxies = 1;
			packageReferences = (
				51E8A3A0C2443D478A2B7FA6 /* XCRemoteSwiftPackageReference "swift-markdown-ui" */,
				6ED60432A99F7EC822DF9350 /* XCLocalSwiftPackageReference "LFGCore" */,
			);
			preferredProjectObjectVersion = 77;
			productRefGroup = 73237F52945A981B453A84AA /* Products */;
			projectDirPath = "";
			projectRoot = "";
			targets = (
				BB8191D802584F22B9CD53A0 /* LFG */,
			);
		};
/* End PBXProject section */

/* Begin PBXResourcesBuildPhase section */
		0B51C770103B8439D9D0BCEA /* Resources */ = {
			isa = PBXResourcesBuildPhase;
			buildActionMask = 2147483647;
			files = (
				EF7A801ECD3C787CEC6ECA82 /* Assets.xcassets in Resources */,
				8D3E23D31117026A9BF00460 /* LaunchScreen.storyboard in Resources */,
			);
			runOnlyForDeploymentPostprocessing = 0;
		};
/* End PBXResourcesBuildPhase section */

/* Begin PBXSourcesBuildPhase section */
		6056354380E196AD86E4C985 /* Sources */ = {
			isa = PBXSourcesBuildPhase;
			buildActionMask = 2147483647;
			files = (
				FDC78A1C6A82751D9F56E521 /* Components.swift in Sources */,
				8A8BAA0AADCD3A860CCA5B39 /* HostLink.swift in Sources */,
				8950528E1385EF07CB2814AD /* LFGApp.swift in Sources */,
				50F6EF746AAEB80DB6229E05 /* MessageComposer.swift in Sources */,
				680725D02451A3EEFF5A9F28 /* NewSessionView.swift in Sources */,
				F903FB2EEB4D545099929559 /* PushManager.swift in Sources */,
				85C03A175F9DF48F0DAF9D6E /* RichContent.swift in Sources */,
				A541589C33833A613D05AD8B /* RootView.swift in Sources */,
				D9DD48F43B87E8793C27102F /* SessionDetailView.swift in Sources */,
				D34242B9518E03AED793C989 /* SessionListView.swift in Sources */,
				55469BC6D5744CDBA92DC030 /* SessionStore.swift in Sources */,
				0B5E6EC8D0198C245E872599 /* SettingsView.swift in Sources */,
				17E5CC9417E33D6CADF1F707 /* Theme.swift in Sources */,
			);
			runOnlyForDeploymentPostprocessing = 0;
		};
/* End PBXSourcesBuildPhase section */

/* Begin XCBuildConfiguration section */
		3C257A2DF0EDBB955F5C21E2 /* Debug */ = {
			isa = XCBuildConfiguration;
			buildSettings = {
				ALWAYS_SEARCH_USER_PATHS = NO;
				CLANG_ANALYZER_NONNULL = YES;
				CLANG_ANALYZER_NUMBER_OBJECT_CONVERSION = YES_AGGRESSIVE;
				CLANG_CXX_LANGUAGE_STANDARD = "gnu++14";
				CLANG_CXX_LIBRARY = "libc++";
				CLANG_ENABLE_MODULES = YES;
				CLANG_ENABLE_OBJC_ARC = YES;
				CLANG_ENABLE_OBJC_WEAK = YES;
				CLANG_WARN_BLOCK_CAPTURE_AUTORELEASING = YES;
				CLANG_WARN_BOOL_CONVERSION = YES;
				CLANG_WARN_COMMA = YES;
				CLANG_WARN_CONSTANT_CONVERSION = YES;
				CLANG_WARN_DEPRECATED_OBJC_IMPLEMENTATIONS = YES;
				CLANG_WARN_DIRECT_OBJC_ISA_USAGE = YES_ERROR;
				CLANG_WARN_DOCUMENTATION_COMMENTS = YES;
				CLANG_WARN_EMPTY_BODY = YES;
				CLANG_WARN_ENUM_CONVERSION = YES;
				CLANG_WARN_INFINITE_RECURSION = YES;
				CLANG_WARN_INT_CONVERSION = YES;
				CLANG_WARN_NON_LITERAL_NULL_CONVERSION = YES;
				CLANG_WARN_OBJC_IMPLICIT_RETAIN_SELF = YES;
				CLANG_WARN_OBJC_LITERAL_CONVERSION = YES;
				CLANG_WARN_OBJC_ROOT_CLASS = YES_ERROR;
				CLANG_WARN_QUOTED_INCLUDE_IN_FRAMEWORK_HEADER = YES;
				CLANG_WARN_RANGE_LOOP_ANALYSIS = YES;
				CLANG_WARN_STRICT_PROTOTYPES = YES;
				CLANG_WARN_SUSPICIOUS_MOVE = YES;
				CLANG_WARN_UNGUARDED_AVAILABILITY = YES_AGGRESSIVE;
				CLANG_WARN_UNREACHABLE_CODE = YES;
				CLANG_WARN__DUPLICATE_METHOD_MATCH = YES;
				COPY_PHASE_STRIP = NO;
				DEBUG_INFORMATION_FORMAT = dwarf;
				ENABLE_STRICT_OBJC_MSGSEND = YES;
				ENABLE_TESTABILITY = YES;
				GCC_C_LANGUAGE_STANDARD = gnu11;
				GCC_DYNAMIC_NO_PIC = NO;
				GCC_NO_COMMON_BLOCKS = YES;
				GCC_OPTIMIZATION_LEVEL = 0;
				GCC_PREPROCESSOR_DEFINITIONS = (
					"$(inherited)",
					"DEBUG=1",
				);
				GCC_WARN_64_TO_32_BIT_CONVERSION = YES;
				GCC_WARN_ABOUT_RETURN_TYPE = YES_ERROR;
				GCC_WARN_UNDECLARED_SELECTOR = YES;
				GCC_WARN_UNINITIALIZED_AUTOS = YES_AGGRESSIVE;
				GCC_WARN_UNUSED_FUNCTION = YES;
				GCC_WARN_UNUSED_VARIABLE = YES;
				IPHONEOS_DEPLOYMENT_TARGET = 17.0;
				MTL_ENABLE_DEBUG_INFO = INCLUDE_SOURCE;
				MTL_FAST_MATH = YES;
				ONLY_ACTIVE_ARCH = YES;
				PRODUCT_NAME = "$(TARGET_NAME)";
				SDKROOT = iphoneos;
				SWIFT_ACTIVE_COMPILATION_CONDITIONS = DEBUG;
				SWIFT_OPTIMIZATION_LEVEL = "-Onone";
				SWIFT_STRICT_CONCURRENCY = complete;
				SWIFT_VERSION = 6.0;
				TARGETED_DEVICE_FAMILY = "1,2";
			};
			name = Debug;
		};
		592880214466224190223EEF /* Release */ = {
			isa = XCBuildConfiguration;
			buildSettings = {
				APS_ENVIRONMENT = production;
				ASSETCATALOG_COMPILER_APPICON_NAME = AppIcon;
				CODE_SIGN_ENTITLEMENTS = LFG/LFG.entitlements;
				CODE_SIGN_IDENTITY = "Apple Distribution";
				CODE_SIGN_STYLE = Manual;
				CURRENT_PROJECT_VERSION = 1;
				DEVELOPMENT_TEAM = 39GJBP8V5A;
				INFOPLIST_FILE = LFG/Info.plist;
				IPHONEOS_DEPLOYMENT_TARGET = 17.0;
				LD_RUNPATH_SEARCH_PATHS = (
					"$(inherited)",
					"@executable_path/Frameworks",
				);
				MARKETING_VERSION = 0.1.0;
				PRODUCT_BUNDLE_IDENTIFIER = com.eugenechan.lfg;
				PROVISIONING_PROFILE_SPECIFIER = "match AppStore com.eugenechan.lfg";
				SDKROOT = iphoneos;
				SUPPORTS_MACCATALYST = NO;
				TARGETED_DEVICE_FAMILY = "1,2";
			};
			name = Release;
		};
		C8B2CF81688FC2F3E146375E /* Debug */ = {
			isa = XCBuildConfiguration;
			buildSettings = {
				APS_ENVIRONMENT = development;
				ASSETCATALOG_COMPILER_APPICON_NAME = AppIcon;
				CODE_SIGN_ENTITLEMENTS = LFG/LFG.entitlements;
				CODE_SIGN_IDENTITY = "Apple Distribution";
				CODE_SIGN_STYLE = Manual;
				CURRENT_PROJECT_VERSION = 1;
				DEVELOPMENT_TEAM = 39GJBP8V5A;
				INFOPLIST_FILE = LFG/Info.plist;
				IPHONEOS_DEPLOYMENT_TARGET = 17.0;
				LD_RUNPATH_SEARCH_PATHS = (
					"$(inherited)",
					"@executable_path/Frameworks",
				);
				MARKETING_VERSION = 0.1.0;
				PRODUCT_BUNDLE_IDENTIFIER = com.eugenechan.lfg;
				PROVISIONING_PROFILE_SPECIFIER = "match AppStore com.eugenechan.lfg";
				SDKROOT = iphoneos;
				SUPPORTS_MACCATALYST = NO;
				TARGETED_DEVICE_FAMILY = "1,2";
			};
			name = Debug;
		};
		D872027F94EF4A4F02B5F609 /* Release */ = {
			isa = XCBuildConfiguration;
			buildSettings = {
				ALWAYS_SEARCH_USER_PATHS = NO;
				CLANG_ANALYZER_NONNULL = YES;
				CLANG_ANALYZER_NUMBER_OBJECT_CONVERSION = YES_AGGRESSIVE;
				CLANG_CXX_LANGUAGE_STANDARD = "gnu++14";
				CLANG_CXX_LIBRARY = "libc++";
				CLANG_ENABLE_MODULES = YES;
				CLANG_ENABLE_OBJC_ARC = YES;
				CLANG_ENABLE_OBJC_WEAK = YES;
				CLANG_WARN_BLOCK_CAPTURE_AUTORELEASING = YES;
				CLANG_WARN_BOOL_CONVERSION = YES;
				CLANG_WARN_COMMA = YES;
				CLANG_WARN_CONSTANT_CONVERSION = YES;
				CLANG_WARN_DEPRECATED_OBJC_IMPLEMENTATIONS = YES;
				CLANG_WARN_DIRECT_OBJC_ISA_USAGE = YES_ERROR;
				CLANG_WARN_DOCUMENTATION_COMMENTS = YES;
				CLANG_WARN_EMPTY_BODY = YES;
				CLANG_WARN_ENUM_CONVERSION = YES;
				CLANG_WARN_INFINITE_RECURSION = YES;
				CLANG_WARN_INT_CONVERSION = YES;
				CLANG_WARN_NON_LITERAL_NULL_CONVERSION = YES;
				CLANG_WARN_OBJC_IMPLICIT_RETAIN_SELF = YES;
				CLANG_WARN_OBJC_LITERAL_CONVERSION = YES;
				CLANG_WARN_OBJC_ROOT_CLASS = YES_ERROR;
				CLANG_WARN_QUOTED_INCLUDE_IN_FRAMEWORK_HEADER = YES;
				CLANG_WARN_RANGE_LOOP_ANALYSIS = YES;
				CLANG_WARN_STRICT_PROTOTYPES = YES;
				CLANG_WARN_SUSPICIOUS_MOVE = YES;
				CLANG_WARN_UNGUARDED_AVAILABILITY = YES_AGGRESSIVE;
				CLANG_WARN_UNREACHABLE_CODE = YES;
				CLANG_WARN__DUPLICATE_METHOD_MATCH = YES;
				COPY_PHASE_STRIP = NO;
				DEBUG_INFORMATION_FORMAT = "dwarf-with-dsym";
				ENABLE_NS_ASSERTIONS = NO;
				ENABLE_STRICT_OBJC_MSGSEND = YES;
				GCC_C_LANGUAGE_STANDARD = gnu11;
				GCC_NO_COMMON_BLOCKS = YES;
				GCC_WARN_64_TO_32_BIT_CONVERSION = YES;
				GCC_WARN_ABOUT_RETURN_TYPE = YES_ERROR;
				GCC_WARN_UNDECLARED_SELECTOR = YES;
				GCC_WARN_UNINITIALIZED_AUTOS = YES_AGGRESSIVE;
				GCC_WARN_UNUSED_FUNCTION = YES;
				GCC_WARN_UNUSED_VARIABLE = YES;
				IPHONEOS_DEPLOYMENT_TARGET = 17.0;
				MTL_ENABLE_DEBUG_INFO = NO;
				MTL_FAST_MATH = YES;
				PRODUCT_NAME = "$(TARGET_NAME)";
				SDKROOT = iphoneos;
				SWIFT_COMPILATION_MODE = wholemodule;
				SWIFT_OPTIMIZATION_LEVEL = "-O";
				SWIFT_STRICT_CONCURRENCY = complete;
				SWIFT_VERSION = 6.0;
				TARGETED_DEVICE_FAMILY = "1,2";
			};
			name = Release;
		};
/* End XCBuildConfiguration section */

/* Begin XCConfigurationList section */
		D2860566EA830DE876CDCE7C /* Build configuration list for PBXProject "LFG" */ = {
			isa = XCConfigurationList;
			buildConfigurations = (
				3C257A2DF0EDBB955F5C21E2 /* Debug */,
				D872027F94EF4A4F02B5F609 /* Release */,
			);
			defaultConfigurationIsVisible = 0;
			defaultConfigurationName = Debug;
		};
		E2D9D49957C42589080D73AD /* Build configuration list for PBXNativeTarget "LFG" */ = {
			isa = XCConfigurationList;
			buildConfigurations = (
				C8B2CF81688FC2F3E146375E /* Debug */,
				592880214466224190223EEF /* Release */,
			);
			defaultConfigurationIsVisible = 0;
			defaultConfigurationName = Debug;
		};
/* End XCConfigurationList section */

/* Begin XCLocalSwiftPackageReference section */
		6ED60432A99F7EC822DF9350 /* XCLocalSwiftPackageReference "LFGCore" */ = {
			isa = XCLocalSwiftPackageReference;
			relativePath = LFGCore;
		};
/* End XCLocalSwiftPackageReference section */

/* Begin XCRemoteSwiftPackageReference section */
		51E8A3A0C2443D478A2B7FA6 /* XCRemoteSwiftPackageReference "swift-markdown-ui" */ = {
			isa = XCRemoteSwiftPackageReference;
			repositoryURL = "https://github.com/gonzalezreal/swift-markdown-ui";
			requirement = {
				kind = upToNextMajorVersion;
				minimumVersion = 2.4.0;
			};
		};
/* End XCRemoteSwiftPackageReference section */

/* Begin XCSwiftPackageProductDependency section */
		0F494F67402A869EB8A3476E /* MarkdownUI */ = {
			isa = XCSwiftPackageProductDependency;
			package = 51E8A3A0C2443D478A2B7FA6 /* XCRemoteSwiftPackageReference "swift-markdown-ui" */;
			productName = MarkdownUI;
		};
		672BDBCB9E1F5950E1DB7012 /* LFGCore */ = {
			isa = XCSwiftPackageProductDependency;
			productName = LFGCore;
		};
/* End XCSwiftPackageProductDependency section */
	};
	rootObject = B70B0B4668D37FDAA54905D6 /* Project object */;
}
